<?xml version="1.0" encoding="utf-8"?>
<Project ToolsVersion="4.0" xmlns="http://schemas.microsoft.com/developer/msbuild/2003">
  <ItemGroup>
    <Filter Include="Core">
      <UniqueIdentifier>{42d90914-ba1b-4ddb-9071-cf4159bb0337}</UniqueIdentifier>
    </Filter>
    <Filter Include="Source">
      <UniqueIdentifier>{4FC737F1-C7A5-4376-A066-2A32D752A2FF}</UniqueIdentifier>
      <Extensions>cpp;c;cc;cxx;c++;cppm;ixx;def;odl;idl;hpj;bat;asm;asmx</Extensions>
    </Filter>
    <Filter Include="Core\GPUResource">
      <UniqueIdentifier>{c6891b83-3379-4cd6-951e-f379e67e2ddd}</UniqueIdentifier>
    </Filter>
    <Filter Include="Core\Pool">
      <UniqueIdentifier>{aeffaa20-aa99-4975-87ec-1b98f04bfb38}</UniqueIdentifier>
    </Filter>
    <Filter Include="Core\Wrap">
      <UniqueIdentifier>{543e1747-096c-4706-aa3c-78adb9f7243f}</UniqueIdentifier>
    </Filter>
    <Filter Include="Core\Utility">
      <UniqueIdentifier>{ef4489a5-6339-4c32-80f0-29eae2167e4f}</UniqueIdentifier>
    </Filter>
    <Filter Include="Core\Misc">
      <UniqueIdentifier>{c575a07b-851e-4599-b60d-f83cd9937b5b}</UniqueIdentifier>
    </Filter>
    <Filter Include="Model">
      <UniqueIdentifier>{cee9a3e5-88e4-439e-ab6e-b495d5ea5227}</UniqueIdentifier>
    </Filter>
    <Filter Include="Core\Graphics">
      <UniqueIdentifier>{355a90eb-1dae-4584-ab5d-4ac79c7766bf}</UniqueIdentifier>
    </Filter>
    <Filter Include="Resources">
      <UniqueIdentifier>{7b01579a-0630-414a-a9db-78ebdf6fad22}</UniqueIdentifier>
    </Filter>
    <Filter Include="Resources\Textures">
      <UniqueIdentifier>{f9ab3c9b-932b-45d0-ae52-fcdda1fde3a8}</UniqueIdentifier>
    </Filter>
    <Filter Include="Resources\Shaders">
      <UniqueIdentifier>{67DA6AB6-F800-4c08-8B7A-83BB121AAD01}</UniqueIdentifier>
      <Extensions>rc;ico;cur;bmp;dlg;rc2;rct;bin;rgs;gif;jpg;jpeg;jpe;resx;tiff;tif;png;wav;mfcribbon-ms</Extensions>
    </Filter>
    <Filter Include="Model\Components">
      <UniqueIdentifier>{7e8a1d1f-22d5-4b29-b317-2d5215429cbc}</UniqueIdentifier>
    </Filter>
    <Filter Include="Model\Struct">
      <UniqueIdentifier>{f1f02364-96a0-47e8-9e39-bbc632fedb9c}</UniqueIdentifier>
    </Filter>
    <Filter Include="MPL">
      <UniqueIdentifier>{1a85c44e-93f3-4295-ae35-16915db384de}</UniqueIdentifier>
    </Filter>
    <Filter Include="Memory">
      <UniqueIdentifier>{2654755b-a76a-4c76-b079-0a9baf300ac1}</UniqueIdentifier>
    </Filter>
    <Filter Include="ECS">
      <UniqueIdentifier>{6cfa70d1-840a-4569-b3ff-80c02b10b0ff}</UniqueIdentifier>
    </Filter>
    <Filter Include="MPL\Test">
      <UniqueIdentifier>{8252b741-ada9-4bcf-acff-29aa1183bfc2}</UniqueIdentifier>
    </Filter>
    <Filter Include="MPL\Util">
      <UniqueIdentifier>{31dad8fb-3a6c-4276-91e6-8d1305c33ce3}</UniqueIdentifier>
    </Filter>
    <Filter Include="Memory\Test">
      <UniqueIdentifier>{ff8c765d-8708-4cc6-ba11-e232ef3b7c70}</UniqueIdentifier>
    </Filter>
    <Filter Include="Model\System">
      <UniqueIdentifier>{47d841c6-4451-4d1c-a24f-d38f06386509}</UniqueIdentifier>
    </Filter>
  </ItemGroup>
  <ItemGroup>
    <ClCompile Include="Main.cpp">
      <Filter>Source</Filter>
    </ClCompile>
    <ClCompile Include="GameCore.cpp">
      <Filter>Core</Filter>
    </ClCompile>
    <ClCompile Include="MyGameApp.cpp">
      <Filter>Source</Filter>
    </ClCompile>
    <ClCompile Include="GameTimer.cpp">
      <Filter>Core</Filter>
    </ClCompile>
    <ClCompile Include="PixelBuffer.cpp">
      <Filter>Core\GPUResource</Filter>
    </ClCompile>
    <ClCompile Include="ColorBuffer.cpp">
      <Filter>Core\GPUResource</Filter>
    </ClCompile>
    <ClCompile Include="Texture.cpp">
      <Filter>Core\GPUResource</Filter>
    </ClCompile>
    <ClCompile Include="CommandContext.cpp">
      <Filter>Core\Wrap</Filter>
    </ClCompile>
    <ClCompile Include="DescriptorHeap.cpp">
      <Filter>Core\Wrap</Filter>
    </ClCompile>
    <ClCompile Include="CommandAllocatorPool.cpp">
      <Filter>Core\Pool</Filter>
    </ClCompile>
    <ClCompile Include="CommandContextManager.cpp">
      <Filter>Core\Pool</Filter>
    </ClCompile>
    <ClCompile Include="CommandListManager.cpp">
      <Filter>Core\Pool</Filter>
    </ClCompile>
    <ClCompile Include="PipelineState.cpp">
      <Filter>Core\Wrap</Filter>
    </ClCompile>
    <ClCompile Include="RootSignature.cpp">
      <Filter>Core\Wrap</Filter>
    </ClCompile>
    <ClCompile Include="TextureManager.cpp">
      <Filter>Core\Pool</Filter>
    </ClCompile>
    <ClCompile Include="BufferManager.cpp">
      <Filter>Core\Pool</Filter>
    </ClCompile>
    <ClCompile Include="Utility.cpp">
      <Filter>Core\Utility</Filter>
    </ClCompile>
    <ClCompile Include="FileUtility.cpp">
      <Filter>Core\Utility</Filter>
    </ClCompile>
    <ClCompile Include="GpuBuffer.cpp">
      <Filter>Core\GPUResource</Filter>
    </ClCompile>
    <ClCompile Include="WICTextureLoader12.cpp">
      <Filter>Core\Misc</Filter>
    </ClCompile>
    <ClCompile Include="DDSTextureLoader12.cpp">
      <Filter>Core\Misc</Filter>
    </ClCompile>
    <ClCompile Include="UploadBuffer.cpp">
      <Filter>Core\GPUResource</Filter>
    </ClCompile>
    <ClCompile Include="MemoryAllocator.cpp">
      <Filter>Core\Pool</Filter>
    </ClCompile>
    <ClCompile Include="DepthBuffer.cpp">
      <Filter>Core\GPUResource</Filter>
    </ClCompile>
    <ClCompile Include="ShadowMapBuffer.cpp">
      <Filter>Core\GPUResource</Filter>
    </ClCompile>
    <ClCompile Include="DescriptorAllocator.cpp">
      <Filter>Core\Pool</Filter>
    </ClCompile>
    <ClCompile Include="Camera.cpp">
      <Filter>Core</Filter>
    </ClCompile>
    <ClCompile Include="GraphicsCore.cpp">
      <Filter>Core\Graphics</Filter>
    </ClCompile>
    <ClCompile Include="GraphicsCommon.cpp">
      <Filter>Core\Graphics</Filter>
    </ClCompile>
    <ClCompile Include="Display.cpp">
      <Filter>Core\Graphics</Filter>
    </ClCompile>
    <ClCompile Include="GeometryGenerator.cpp">
      <Filter>Model\Struct</Filter>
    </ClCompile>
    <ClCompile Include="PCH.cpp">
      <Filter>Core\Misc</Filter>
    </ClCompile>
    <ClCompile Include="InputSystem.cpp">
      <Filter>Core</Filter>
    </ClCompile>
    <ClCompile Include="MPL\Test\TestAlign.cpp">
      <Filter>MPL\Test</Filter>
    </ClCompile>
    <ClCompile Include="MPL\Test\TestCompileTimeCounter.cpp">
      <Filter>MPL\Test</Filter>
    </ClCompile>
    <ClCompile Include="MPL\Test\TestMPL.cpp">
      <Filter>MPL\Test</Filter>
    </ClCompile>
    <ClCompile Include="MPL\Test\TestStringHash.cpp">
      <Filter>MPL\Test</Filter>
    </ClCompile>
    <ClCompile Include="COMInitializer.cpp">
      <Filter>Core\Misc</Filter>
    </ClCompile>
    <ClCompile Include="Memory\Test\AllocatorTest.cpp">
      <Filter>Memory\Test</Filter>
    </ClCompile>
    <ClCompile Include="Memory\Test\TestFreeList.cpp">
      <Filter>Memory\Test</Filter>
    </ClCompile>
    <ClCompile Include="Memory\Test\TestMultiTypeFixedChunk.cpp">
      <Filter>Memory\Test</Filter>
    </ClCompile>
  </ItemGroup>
  <ItemGroup>
    <ClInclude Include="GameCore.h">
      <Filter>Core</Filter>
    </ClInclude>
    <ClInclude Include="GameTimer.h">
      <Filter>Core</Filter>
    </ClInclude>
    <ClInclude Include="PixelBuffer.h">
      <Filter>Core\GPUResource</Filter>
    </ClInclude>
    <ClInclude Include="GpuResource.h">
      <Filter>Core\GPUResource</Filter>
    </ClInclude>
    <ClInclude Include="ColorBuffer.h">
      <Filter>Core\GPUResource</Filter>
    </ClInclude>
    <ClInclude Include="Texture.h">
      <Filter>Core\GPUResource</Filter>
    </ClInclude>
    <ClInclude Include="CommandContext.h">
      <Filter>Core\Wrap</Filter>
    </ClInclude>
    <ClInclude Include="DescriptorHeap.h">
      <Filter>Core\Wrap</Filter>
    </ClInclude>
    <ClInclude Include="CommandAllocatorPool.h">
      <Filter>Core\Pool</Filter>
    </ClInclude>
    <ClInclude Include="CommandContextManager.h">
      <Filter>Core\Pool</Filter>
    </ClInclude>
    <ClInclude Include="CommandListManager.h">
      <Filter>Core\Pool</Filter>
    </ClInclude>
    <ClInclude Include="PipelineState.h">
      <Filter>Core\Wrap</Filter>
    </ClInclude>
    <ClInclude Include="RootSignature.h">
      <Filter>Core\Wrap</Filter>
    </ClInclude>
    <ClInclude Include="TextureManager.h">
      <Filter>Core\Pool</Filter>
    </ClInclude>
    <ClInclude Include="BufferManager.h">
      <Filter>Core\Pool</Filter>
    </ClInclude>
    <ClInclude Include="Utility.h">
      <Filter>Core\Utility</Filter>
    </ClInclude>
    <ClInclude Include="FileUtility.h">
      <Filter>Core\Utility</Filter>
    </ClInclude>
    <ClInclude Include="TSingleton.h">
      <Filter>Core\Misc</Filter>
    </ClInclude>
    <ClInclude Include="PCH.h">
      <Filter>Core\Misc</Filter>
    </ClInclude>
    <ClInclude Include="d3dx12.h">
      <Filter>Core\Misc</Filter>
    </ClInclude>
    <ClInclude Include="GpuBuffer.h">
      <Filter>Core\GPUResource</Filter>
    </ClInclude>
    <ClInclude Include="WICTextureLoader12.h">
      <Filter>Core\Misc</Filter>
    </ClInclude>
    <ClInclude Include="DDSTextureLoader12.h">
      <Filter>Core\Misc</Filter>
    </ClInclude>
    <ClInclude Include="UploadBuffer.h">
      <Filter>Core\GPUResource</Filter>
    </ClInclude>
    <ClInclude Include="MemoryAllocator.h">
      <Filter>Core\Pool</Filter>
    </ClInclude>
    <ClInclude Include="DepthBuffer.h">
      <Filter>Core\GPUResource</Filter>
    </ClInclude>
    <ClInclude Include="ShadowMapBuffer.h">
      <Filter>Core\GPUResource</Filter>
    </ClInclude>
    <ClInclude Include="DescriptorAllocator.h">
      <Filter>Core\Pool</Filter>
    </ClInclude>
    <ClInclude Include="Camera.h">
      <Filter>Core</Filter>
    </ClInclude>
    <ClInclude Include="MyGameApp.h">
      <Filter>Source</Filter>
    </ClInclude>
    <ClInclude Include="DataStruct.h">
      <Filter>Source</Filter>
    </ClInclude>
    <ClInclude Include="GraphicsCore.h">
      <Filter>Core\Graphics</Filter>
    </ClInclude>
    <ClInclude Include="GraphicsCommon.h">
      <Filter>Core\Graphics</Filter>
    </ClInclude>
    <ClInclude Include="Display.h">
      <Filter>Core\Graphics</Filter>
    </ClInclude>
    <ClInclude Include="Transform.h">
      <Filter>Model\Components</Filter>
    </ClInclude>
    <ClInclude Include="MeshRenderer.h">
      <Filter>Model\Components</Filter>
    </ClInclude>
    <ClInclude Include="MeshGeometry.h">
      <Filter>Model\Struct</Filter>
    </ClInclude>
    <ClInclude Include="GeometryGenerator.h">
      <Filter>Model\Struct</Filter>
    </ClInclude>
    <ClInclude Include="InputSystem.h">
      <Filter>Core</Filter>
    </ClInclude>
    <ClInclude Include="KeyCode.h">
      <Filter>Core</Filter>
    </ClInclude>
    <ClInclude Include="Memory\ChunkHandle.h">
      <Filter>Memory</Filter>
    </ClInclude>
    <ClInclude Include="Memory\ConstantChunkSizeGrowth.h">
      <Filter>Memory</Filter>
    </ClInclude>
    <ClInclude Include="Memory\ConstantElementCountGrowth.h">
      <Filter>Memory</Filter>
    </ClInclude>
    <ClInclude Include="Memory\DefaultFreeList.h">
      <Filter>Memory</Filter>
    </ClInclude>
    <ClInclude Include="Memory\DefaultMultiTypeFixedChunk.h">
      <Filter>Memory</Filter>
    </ClInclude>
    <ClInclude Include="Memory\FixedChunkCacheFriendlyLink.h">
      <Filter>Memory</Filter>
    </ClInclude>
    <ClInclude Include="Memory\FreeList.h">
      <Filter>Memory</Filter>
    </ClInclude>
    <ClInclude Include="Memory\MultiTypeFixedChunk.h">
      <Filter>Memory</Filter>
    </ClInclude>
    <ClInclude Include="Memory\PlacementNewEmbeddedLink.h">
      <Filter>Memory</Filter>
    </ClInclude>
    <ClInclude Include="MPL\Utils\Align.h">
      <Filter>MPL\Util</Filter>
    </ClInclude>
    <ClInclude Include="MPL\Utils\CompileTimeCounter.h">
      <Filter>MPL\Util</Filter>
    </ClInclude>
    <ClInclude Include="MPL\Utils\CompileTimeStringHash.h">
      <Filter>MPL\Util</Filter>
    </ClInclude>
    <ClInclude Include="MPL\Utils\Math.h">
      <Filter>MPL\Util</Filter>
    </ClInclude>
    <ClInclude Include="MPL\MPL.h">
      <Filter>MPL</Filter>
    </ClInclude>
    <ClInclude Include="MPL\TypeList.h">
      <Filter>MPL</Filter>
    </ClInclude>
    <ClInclude Include="ECS\Entity.h">
      <Filter>ECS</Filter>
    </ClInclude>
    <ClInclude Include="ECS\EntityAdmin.h">
      <Filter>ECS</Filter>
    </ClInclude>
    <ClInclude Include="ECS\ISystem.h">
      <Filter>ECS</Filter>
    </ClInclude>
    <ClInclude Include="ECS\System.h">
      <Filter>ECS</Filter>
    </ClInclude>
    <ClInclude Include="ECS\TypeID.h">
      <Filter>ECS</Filter>
    </ClInclude>
    <ClInclude Include="ECS\ArchetypeStorage.h">
      <Filter>ECS</Filter>
    </ClInclude>
    <ClInclude Include="RenderSystem.h">
      <Filter>Model\System</Filter>
    </ClInclude>
    <ClInclude Include="CameraSystem.h">
      <Filter>Model\System</Filter>
    </ClInclude>
    <ClInclude Include="CameraStorage.h">
      <Filter>Model\Components</Filter>
    </ClInclude>
    <ClInclude Include="GeometriesStorage.h">
      <Filter>Model\Components</Filter>
    </ClInclude>
    <ClInclude Include="MainPassStorage.h">
      <Filter>Model\Components</Filter>
    </ClInclude>
    <ClInclude Include="PSOStorage.h">
      <Filter>Model\Components</Filter>
    </ClInclude>
    <ClInclude Include="RenderTargetStorage.h">
      <Filter>Model\Components</Filter>
    </ClInclude>
    <ClInclude Include="TextureStorage.h">
      <Filter>Model\Components</Filter>
    </ClInclude>
    <ClInclude Include="SkyPassStorage.h">
      <Filter>Model\Components</Filter>
    </ClInclude>
    <ClInclude Include="LightStorage.h">
      <Filter>Model\Components</Filter>
    </ClInclude>
    <ClInclude Include="LightSystem.h">
      <Filter>Model\System</Filter>
    </ClInclude>
    <ClInclude Include="COMInitializer.h">
      <Filter>Core\Misc</Filter>
    </ClInclude>
  </ItemGroup>
  <ItemGroup>
    <None Include="packages.config" />
    <None Include="Shaders\Common.hlsli">
      <Filter>Resources\Shaders</Filter>
    </None>
    <None Include="Shaders\ColorSpaceUtility.hlsli">
      <Filter>Resources\Shaders</Filter>
    </None>
    <None Include="Shaders\DataType.hlsli">
      <Filter>Resources\Shaders</Filter>
    </None>
    <None Include="Shaders\LightingUtil.hlsli">
      <Filter>Resources\Shaders</Filter>
    </None>
    <None Include="Shaders\TangentHelper.hlsli">
      <Filter>Resources\Shaders</Filter>
    </None>
    <None Include="Shaders\MyBRDF.hlsli">
      <Filter>Resources\Shaders</Filter>
    </None>
  </ItemGroup>
  <ItemGroup>
    <FxCompile Include="Shaders\PresentSDRPS.hlsl">
      <Filter>Resources\Shaders</Filter>
    </FxCompile>
    <FxCompile Include="Shaders\ScreenQuadPresentVS.hlsl">
      <Filter>Resources\Shaders</Filter>
    </FxCompile>
    <FxCompile Include="Shaders\ColorVS.hlsl">
      <Filter>Resources\Shaders</Filter>
    </FxCompile>
    <FxCompile Include="Shaders\ColorPS.hlsl">
      <Filter>Resources\Shaders</Filter>
    </FxCompile>
    <FxCompile Include="Shaders\PresentRS.hlsli">
      <Filter>Resources\Shaders</Filter>
    </FxCompile>
    <FxCompile Include="Shaders\ColorRS.hlsli">
      <Filter>Resources\Shaders</Filter>
    </FxCompile>
    <FxCompile Include="Shaders\LightPS.hlsl">
      <Filter>Resources\Shaders</Filter>
    </FxCompile>
    <FxCompile Include="Shaders\LightVS.hlsl">
      <Filter>Resources\Shaders</Filter>
    </FxCompile>
    <FxCompile Include="Shaders\CommonRS.hlsli">
      <Filter>Resources\Shaders</Filter>
    </FxCompile>
    <FxCompile Include="Shaders\SkyPS.hlsl">
      <Filter>Resources\Shaders</Filter>
    </FxCompile>
    <FxCompile Include="Shaders\SkyVS.hlsl">
      <Filter>Resources\Shaders</Filter>
    </FxCompile>
    <FxCompile Include="Shaders\PbrPS.hlsl">
      <Filter>Resources\Shaders</Filter>
    </FxCompile>
    <FxCompile Include="Shaders\PbrVS.hlsl">
      <Filter>Resources\Shaders</Filter>
    </FxCompile>
  </ItemGroup>
  <ItemGroup>
    <Image Include="..\Assets\Textures\outBrdf.dds">
      <Filter>Resources\Textures</Filter>
    </Image>
    <Image Include="..\Assets\Textures\outDiffuseHDR.dds">
      <Filter>Resources\Textures</Filter>
    </Image>
    <Image Include="..\Assets\Textures\outEnvHDR.dds">
      <Filter>Resources\Textures</Filter>
    </Image>
    <Image Include="..\Assets\Textures\outSpecularHDR.dds">
      <Filter>Resources\Textures</Filter>
    </Image>
    <Image Include="..\Assets\Textures\SkyBox.dds">
      <Filter>Resources\Textures</Filter>
    </Image>
    <Image Include="..\Assets\Textures\WoodCrate01.dds">
      <Filter>Resources\Textures</Filter>
    </Image>
    <Image Include="..\Assets\Textures\WoodCrate02.dds">
      <Filter>Resources\Textures</Filter>
    </Image>
  </ItemGroup>
</Project>